// !$*UTF8*$!
{
	archiveVersion = 1;
	classes = {
	};
	objectVersion = 56;
	objects = {

/* Begin PBXBuildFile section */
		6837FCD129E7D50D003B8EDD /* CacheFeedUseCaseTests.swift in Sources */ = {isa = PBXBuildFile; fileRef = 6837FCD029E7D50D003B8EDD /* CacheFeedUseCaseTests.swift */; };
		6837FCD329E9502B003B8EDD /* LocalFeedLoader.swift in Sources */ = {isa = PBXBuildFile; fileRef = 6837FCD229E9502B003B8EDD /* LocalFeedLoader.swift */; };
		6837FCD529E950EA003B8EDD /* FeedStore.swift in Sources */ = {isa = PBXBuildFile; fileRef = 6837FCD429E950EA003B8EDD /* FeedStore.swift */; };
		6837FCD729E9677D003B8EDD /* RemoteFeedItem.swift in Sources */ = {isa = PBXBuildFile; fileRef = 6837FCD629E9677D003B8EDD /* RemoteFeedItem.swift */; };
		6837FCD929E967D4003B8EDD /* LocalFeedImage.swift in Sources */ = {isa = PBXBuildFile; fileRef = 6837FCD829E967D4003B8EDD /* LocalFeedImage.swift */; };
		6837FCDB29E9E169003B8EDD /* LoadFeedFromCacheUseCaseTests.swift in Sources */ = {isa = PBXBuildFile; fileRef = 6837FCDA29E9E169003B8EDD /* LoadFeedFromCacheUseCaseTests.swift */; };
		6837FCDE29E9E313003B8EDD /* FeedStoreSpy.swift in Sources */ = {isa = PBXBuildFile; fileRef = 6837FCDD29E9E313003B8EDD /* FeedStoreSpy.swift */; };
		6837FCE029EABD33003B8EDD /* ValidateFeedCacheUseCaseTests.swift in Sources */ = {isa = PBXBuildFile; fileRef = 6837FCDF29EABD33003B8EDD /* ValidateFeedCacheUseCaseTests.swift */; };
		6837FCE229EAC172003B8EDD /* FeedCacheTestHelpers.swift in Sources */ = {isa = PBXBuildFile; fileRef = 6837FCE129EAC172003B8EDD /* FeedCacheTestHelpers.swift */; };
		6837FCE429EAC279003B8EDD /* SharedTestHelpers.swift in Sources */ = {isa = PBXBuildFile; fileRef = 6837FCE329EAC279003B8EDD /* SharedTestHelpers.swift */; };
		6837FCE729EAE043003B8EDD /* FeedCachePolicy.swift in Sources */ = {isa = PBXBuildFile; fileRef = 6837FCE529EADFC3003B8EDD /* FeedCachePolicy.swift */; };
		6837FCE929EB13C1003B8EDD /* CodableFeedStoreTests.swift in Sources */ = {isa = PBXBuildFile; fileRef = 6837FCE829EB13C1003B8EDD /* CodableFeedStoreTests.swift */; };
		6837FCEB29EC16D9003B8EDD /* CodableFeedStore.swift in Sources */ = {isa = PBXBuildFile; fileRef = 6837FCEA29EC16D9003B8EDD /* CodableFeedStore.swift */; };
		6837FCF329ED68DC003B8EDD /* EssentialFeedCacheIntegrationTests.swift in Sources */ = {isa = PBXBuildFile; fileRef = 6837FCF229ED68DC003B8EDD /* EssentialFeedCacheIntegrationTests.swift */; };
		6837FCF429ED68DC003B8EDD /* EssentialFeed.framework in Frameworks */ = {isa = PBXBuildFile; fileRef = 6869AA6E29D8789600377479 /* EssentialFeed.framework */; };
		6837FCFB29ED6F05003B8EDD /* CoreDataFeedStoreTests.swift in Sources */ = {isa = PBXBuildFile; fileRef = 6837FCFA29ED6F05003B8EDD /* CoreDataFeedStoreTests.swift */; };
		6837FCFE29ED7A21003B8EDD /* FeedStoreSpecs.swift in Sources */ = {isa = PBXBuildFile; fileRef = 6837FCFC29ED77F9003B8EDD /* FeedStoreSpecs.swift */; };
		6869AA7729D8789600377479 /* EssentialFeed.framework in Frameworks */ = {isa = PBXBuildFile; fileRef = 6869AA6E29D8789600377479 /* EssentialFeed.framework */; };
		6869AA8729D878F600377479 /* FeedItem.swift in Sources */ = {isa = PBXBuildFile; fileRef = 6869AA8629D878F600377479 /* FeedItem.swift */; };
		6869AA8929D879AB00377479 /* FeedLoader.swift in Sources */ = {isa = PBXBuildFile; fileRef = 6869AA8829D879AB00377479 /* FeedLoader.swift */; };
		6869AA8C29D9324E00377479 /* LoadFeedFromRemoteUseCaseTests.swift in Sources */ = {isa = PBXBuildFile; fileRef = 6869AA8B29D9324E00377479 /* LoadFeedFromRemoteUseCaseTests.swift */; };
		6869AA8F29D94DD300377479 /* RemoteFeedLoader.swift in Sources */ = {isa = PBXBuildFile; fileRef = 6869AA8E29D94DD300377479 /* RemoteFeedLoader.swift */; };
		6869AA9129DABD3F00377479 /* HTTPClient.swift in Sources */ = {isa = PBXBuildFile; fileRef = 6869AA9029DABD3F00377479 /* HTTPClient.swift */; };
		6869AA9329DABD8B00377479 /* FeedItemsMapper.swift in Sources */ = {isa = PBXBuildFile; fileRef = 6869AA9229DABD8B00377479 /* FeedItemsMapper.swift */; };
		6869AA9629DC3B1700377479 /* URLSessionHTTPClientTests.swift in Sources */ = {isa = PBXBuildFile; fileRef = 6869AA9529DC3B1700377479 /* URLSessionHTTPClientTests.swift */; };
		6869AA9B29DFFF5900377479 /* XCTestCase+MemoryLeakTrackingHelper.swift in Sources */ = {isa = PBXBuildFile; fileRef = 6869AA9A29DFFF5900377479 /* XCTestCase+MemoryLeakTrackingHelper.swift */; };
		6869AA9D29E1148500377479 /* URLSessionHTTPClient.swift in Sources */ = {isa = PBXBuildFile; fileRef = 6869AA9C29E1148500377479 /* URLSessionHTTPClient.swift */; };
		6869AAA529E11BB600377479 /* EssentialFeedAPIEndToEndTests.swift in Sources */ = {isa = PBXBuildFile; fileRef = 6869AAA429E11BB600377479 /* EssentialFeedAPIEndToEndTests.swift */; };
		6869AAA629E11BB600377479 /* EssentialFeed.framework in Frameworks */ = {isa = PBXBuildFile; fileRef = 6869AA6E29D8789600377479 /* EssentialFeed.framework */; };
		6869AAAC29E1211700377479 /* XCTestCase+MemoryLeakTrackingHelper.swift in Sources */ = {isa = PBXBuildFile; fileRef = 6869AA9A29DFFF5900377479 /* XCTestCase+MemoryLeakTrackingHelper.swift */; };
/* End PBXBuildFile section */

/* Begin PBXContainerItemProxy section */
		6837FCF529ED68DC003B8EDD /* PBXContainerItemProxy */ = {
			isa = PBXContainerItemProxy;
			containerPortal = 6869AA6529D8789600377479 /* Project object */;
			proxyType = 1;
			remoteGlobalIDString = 6869AA6D29D8789600377479;
			remoteInfo = EssentialFeed;
		};
		6869AA7829D8789600377479 /* PBXContainerItemProxy */ = {
			isa = PBXContainerItemProxy;
			containerPortal = 6869AA6529D8789600377479 /* Project object */;
			proxyType = 1;
			remoteGlobalIDString = 6869AA6D29D8789600377479;
			remoteInfo = EssentialFeed;
		};
		6869AAA729E11BB600377479 /* PBXContainerItemProxy */ = {
			isa = PBXContainerItemProxy;
			containerPortal = 6869AA6529D8789600377479 /* Project object */;
			proxyType = 1;
			remoteGlobalIDString = 6869AA6D29D8789600377479;
			remoteInfo = EssentialFeed;
		};
/* End PBXContainerItemProxy section */

/* Begin PBXFileReference section */
		6837FCD029E7D50D003B8EDD /* CacheFeedUseCaseTests.swift */ = {isa = PBXFileReference; lastKnownFileType = sourcecode.swift; path = CacheFeedUseCaseTests.swift; sourceTree = "<group>"; };
		6837FCD229E9502B003B8EDD /* LocalFeedLoader.swift */ = {isa = PBXFileReference; lastKnownFileType = sourcecode.swift; path = LocalFeedLoader.swift; sourceTree = "<group>"; };
		6837FCD429E950EA003B8EDD /* FeedStore.swift */ = {isa = PBXFileReference; lastKnownFileType = sourcecode.swift; path = FeedStore.swift; sourceTree = "<group>"; };
		6837FCD629E9677D003B8EDD /* RemoteFeedItem.swift */ = {isa = PBXFileReference; lastKnownFileType = sourcecode.swift; path = RemoteFeedItem.swift; sourceTree = "<group>"; };
		6837FCD829E967D4003B8EDD /* LocalFeedImage.swift */ = {isa = PBXFileReference; lastKnownFileType = sourcecode.swift; path = LocalFeedImage.swift; sourceTree = "<group>"; };
		6837FCDA29E9E169003B8EDD /* LoadFeedFromCacheUseCaseTests.swift */ = {isa = PBXFileReference; lastKnownFileType = sourcecode.swift; path = LoadFeedFromCacheUseCaseTests.swift; sourceTree = "<group>"; };
		6837FCDD29E9E313003B8EDD /* FeedStoreSpy.swift */ = {isa = PBXFileReference; lastKnownFileType = sourcecode.swift; path = FeedStoreSpy.swift; sourceTree = "<group>"; };
		6837FCDF29EABD33003B8EDD /* ValidateFeedCacheUseCaseTests.swift */ = {isa = PBXFileReference; lastKnownFileType = sourcecode.swift; path = ValidateFeedCacheUseCaseTests.swift; sourceTree = "<group>"; };
		6837FCE129EAC172003B8EDD /* FeedCacheTestHelpers.swift */ = {isa = PBXFileReference; lastKnownFileType = sourcecode.swift; path = FeedCacheTestHelpers.swift; sourceTree = "<group>"; };
		6837FCE329EAC279003B8EDD /* SharedTestHelpers.swift */ = {isa = PBXFileReference; lastKnownFileType = sourcecode.swift; path = SharedTestHelpers.swift; sourceTree = "<group>"; };
		6837FCE529EADFC3003B8EDD /* FeedCachePolicy.swift */ = {isa = PBXFileReference; lastKnownFileType = sourcecode.swift; path = FeedCachePolicy.swift; sourceTree = "<group>"; };
		6837FCE829EB13C1003B8EDD /* CodableFeedStoreTests.swift */ = {isa = PBXFileReference; lastKnownFileType = sourcecode.swift; path = CodableFeedStoreTests.swift; sourceTree = "<group>"; };
		6837FCEA29EC16D9003B8EDD /* CodableFeedStore.swift */ = {isa = PBXFileReference; lastKnownFileType = sourcecode.swift; path = CodableFeedStore.swift; sourceTree = "<group>"; };
		6837FCF029ED68DC003B8EDD /* EssentialFeedCacheIntegrationTests.xctest */ = {isa = PBXFileReference; explicitFileType = wrapper.cfbundle; includeInIndex = 0; path = EssentialFeedCacheIntegrationTests.xctest; sourceTree = BUILT_PRODUCTS_DIR; };
		6837FCF229ED68DC003B8EDD /* EssentialFeedCacheIntegrationTests.swift */ = {isa = PBXFileReference; lastKnownFileType = sourcecode.swift; path = EssentialFeedCacheIntegrationTests.swift; sourceTree = "<group>"; };
		6837FCFA29ED6F05003B8EDD /* CoreDataFeedStoreTests.swift */ = {isa = PBXFileReference; lastKnownFileType = sourcecode.swift; path = CoreDataFeedStoreTests.swift; sourceTree = "<group>"; };
		6837FCFC29ED77F9003B8EDD /* FeedStoreSpecs.swift */ = {isa = PBXFileReference; lastKnownFileType = sourcecode.swift; path = FeedStoreSpecs.swift; sourceTree = "<group>"; };
		6869AA6E29D8789600377479 /* EssentialFeed.framework */ = {isa = PBXFileReference; explicitFileType = wrapper.framework; includeInIndex = 0; path = EssentialFeed.framework; sourceTree = BUILT_PRODUCTS_DIR; };
		6869AA7629D8789600377479 /* EssentialFeedTests.xctest */ = {isa = PBXFileReference; explicitFileType = wrapper.cfbundle; includeInIndex = 0; path = EssentialFeedTests.xctest; sourceTree = BUILT_PRODUCTS_DIR; };
		6869AA8629D878F600377479 /* FeedItem.swift */ = {isa = PBXFileReference; lastKnownFileType = sourcecode.swift; path = FeedItem.swift; sourceTree = "<group>"; };
		6869AA8829D879AB00377479 /* FeedLoader.swift */ = {isa = PBXFileReference; lastKnownFileType = sourcecode.swift; path = FeedLoader.swift; sourceTree = "<group>"; };
		6869AA8B29D9324E00377479 /* LoadFeedFromRemoteUseCaseTests.swift */ = {isa = PBXFileReference; lastKnownFileType = sourcecode.swift; path = LoadFeedFromRemoteUseCaseTests.swift; sourceTree = "<group>"; };
		6869AA8E29D94DD300377479 /* RemoteFeedLoader.swift */ = {isa = PBXFileReference; lastKnownFileType = sourcecode.swift; path = RemoteFeedLoader.swift; sourceTree = "<group>"; };
		6869AA9029DABD3F00377479 /* HTTPClient.swift */ = {isa = PBXFileReference; lastKnownFileType = sourcecode.swift; path = HTTPClient.swift; sourceTree = "<group>"; };
		6869AA9229DABD8B00377479 /* FeedItemsMapper.swift */ = {isa = PBXFileReference; lastKnownFileType = sourcecode.swift; path = FeedItemsMapper.swift; sourceTree = "<group>"; };
		6869AA9529DC3B1700377479 /* URLSessionHTTPClientTests.swift */ = {isa = PBXFileReference; lastKnownFileType = sourcecode.swift; path = URLSessionHTTPClientTests.swift; sourceTree = "<group>"; };
		6869AA9A29DFFF5900377479 /* XCTestCase+MemoryLeakTrackingHelper.swift */ = {isa = PBXFileReference; lastKnownFileType = sourcecode.swift; path = "XCTestCase+MemoryLeakTrackingHelper.swift"; sourceTree = "<group>"; };
		6869AA9C29E1148500377479 /* URLSessionHTTPClient.swift */ = {isa = PBXFileReference; lastKnownFileType = sourcecode.swift; path = URLSessionHTTPClient.swift; sourceTree = "<group>"; };
		6869AAA229E11BB600377479 /* EssentialFeedAPIEndToEndTests.xctest */ = {isa = PBXFileReference; explicitFileType = wrapper.cfbundle; includeInIndex = 0; path = EssentialFeedAPIEndToEndTests.xctest; sourceTree = BUILT_PRODUCTS_DIR; };
		6869AAA429E11BB600377479 /* EssentialFeedAPIEndToEndTests.swift */ = {isa = PBXFileReference; lastKnownFileType = sourcecode.swift; path = EssentialFeedAPIEndToEndTests.swift; sourceTree = "<group>"; };
/* End PBXFileReference section */

/* Begin PBXFrameworksBuildPhase section */
		6837FCED29ED68DC003B8EDD /* Frameworks */ = {
			isa = PBXFrameworksBuildPhase;
			buildActionMask = 2147483647;
			files = (
				6837FCF429ED68DC003B8EDD /* EssentialFeed.framework in Frameworks */,
			);
			runOnlyForDeploymentPostprocessing = 0;
		};
		6869AA6B29D8789600377479 /* Frameworks */ = {
			isa = PBXFrameworksBuildPhase;
			buildActionMask = 2147483647;
			files = (
			);
			runOnlyForDeploymentPostprocessing = 0;
		};
		6869AA7329D8789600377479 /* Frameworks */ = {
			isa = PBXFrameworksBuildPhase;
			buildActionMask = 2147483647;
			files = (
				6869AA7729D8789600377479 /* EssentialFeed.framework in Frameworks */,
			);
			runOnlyForDeploymentPostprocessing = 0;
		};
		6869AA9F29E11BB600377479 /* Frameworks */ = {
			isa = PBXFrameworksBuildPhase;
			buildActionMask = 2147483647;
			files = (
				6869AAA629E11BB600377479 /* EssentialFeed.framework in Frameworks */,
			);
			runOnlyForDeploymentPostprocessing = 0;
		};
/* End PBXFrameworksBuildPhase section */

/* Begin PBXGroup section */
		6837FCCE29E7D4BE003B8EDD /* Feed Cache */ = {
			isa = PBXGroup;
			children = (
				6837FCD229E9502B003B8EDD /* LocalFeedLoader.swift */,
				6837FCD429E950EA003B8EDD /* FeedStore.swift */,
				6837FCD829E967D4003B8EDD /* LocalFeedImage.swift */,
				6837FCE529EADFC3003B8EDD /* FeedCachePolicy.swift */,
				6837FCEA29EC16D9003B8EDD /* CodableFeedStore.swift */,
			);
			path = "Feed Cache";
			sourceTree = "<group>";
		};
		6837FCCF29E7D4E9003B8EDD /* Feed Cache */ = {
			isa = PBXGroup;
			children = (
				6837FCDC29E9E2FF003B8EDD /* Helpers */,
				6837FCD029E7D50D003B8EDD /* CacheFeedUseCaseTests.swift */,
				6837FCDA29E9E169003B8EDD /* LoadFeedFromCacheUseCaseTests.swift */,
				6837FCDF29EABD33003B8EDD /* ValidateFeedCacheUseCaseTests.swift */,
				6837FCE829EB13C1003B8EDD /* CodableFeedStoreTests.swift */,
				6837FCFA29ED6F05003B8EDD /* CoreDataFeedStoreTests.swift */,
				6837FCFC29ED77F9003B8EDD /* FeedStoreSpecs.swift */,
			);
			path = "Feed Cache";
			sourceTree = "<group>";
		};
		6837FCDC29E9E2FF003B8EDD /* Helpers */ = {
			isa = PBXGroup;
			children = (
				6837FCDD29E9E313003B8EDD /* FeedStoreSpy.swift */,
				6837FCE129EAC172003B8EDD /* FeedCacheTestHelpers.swift */,
			);
			path = Helpers;
			sourceTree = "<group>";
		};
		6837FCF129ED68DC003B8EDD /* EssentialFeedCacheIntegrationTests */ = {
			isa = PBXGroup;
			children = (
				6837FCF229ED68DC003B8EDD /* EssentialFeedCacheIntegrationTests.swift */,
			);
			path = EssentialFeedCacheIntegrationTests;
			sourceTree = "<group>";
		};
		6869AA6429D8789600377479 = {
			isa = PBXGroup;
			children = (
				6869AA7029D8789600377479 /* EssentialFeed */,
				6869AA7A29D8789600377479 /* EssentialFeedTests */,
				6869AAA329E11BB600377479 /* EssentialFeedAPIEndToEndTests */,
				6837FCF129ED68DC003B8EDD /* EssentialFeedCacheIntegrationTests */,
				6869AA6F29D8789600377479 /* Products */,
			);
			sourceTree = "<group>";
		};
		6869AA6F29D8789600377479 /* Products */ = {
			isa = PBXGroup;
			children = (
				6869AA6E29D8789600377479 /* EssentialFeed.framework */,
				6869AA7629D8789600377479 /* EssentialFeedTests.xctest */,
				6869AAA229E11BB600377479 /* EssentialFeedAPIEndToEndTests.xctest */,
				6837FCF029ED68DC003B8EDD /* EssentialFeedCacheIntegrationTests.xctest */,
			);
			name = Products;
			sourceTree = "<group>";
		};
		6869AA7029D8789600377479 /* EssentialFeed */ = {
			isa = PBXGroup;
			children = (
				6837FCCE29E7D4BE003B8EDD /* Feed Cache */,
				6869AA8A29D87AC800377479 /* Feed Feature */,
				6869AA8D29D94DC100377479 /* Feed API */,
			);
			path = EssentialFeed;
			sourceTree = "<group>";
		};
		6869AA7A29D8789600377479 /* EssentialFeedTests */ = {
			isa = PBXGroup;
			children = (
				6869AA9929DFFF3000377479 /* Helpers */,
				6837FCCF29E7D4E9003B8EDD /* Feed Cache */,
				6869AA9429DC243300377479 /* Feed API */,
			);
			path = EssentialFeedTests;
			sourceTree = "<group>";
		};
		6869AA8A29D87AC800377479 /* Feed Feature */ = {
			isa = PBXGroup;
			children = (
				6869AA8629D878F600377479 /* FeedItem.swift */,
				6869AA8829D879AB00377479 /* FeedLoader.swift */,
			);
			path = "Feed Feature";
			sourceTree = "<group>";
		};
		6869AA8D29D94DC100377479 /* Feed API */ = {
			isa = PBXGroup;
			children = (
				6869AA8E29D94DD300377479 /* RemoteFeedLoader.swift */,
				6869AA9029DABD3F00377479 /* HTTPClient.swift */,
				6869AA9229DABD8B00377479 /* FeedItemsMapper.swift */,
				6869AA9C29E1148500377479 /* URLSessionHTTPClient.swift */,
				6837FCD629E9677D003B8EDD /* RemoteFeedItem.swift */,
			);
			path = "Feed API";
			sourceTree = "<group>";
		};
		6869AA9429DC243300377479 /* Feed API */ = {
			isa = PBXGroup;
			children = (
				6869AA8B29D9324E00377479 /* LoadFeedFromRemoteUseCaseTests.swift */,
				6869AA9529DC3B1700377479 /* URLSessionHTTPClientTests.swift */,
			);
			path = "Feed API";
			sourceTree = "<group>";
		};
		6869AA9929DFFF3000377479 /* Helpers */ = {
			isa = PBXGroup;
			children = (
				6869AA9A29DFFF5900377479 /* XCTestCase+MemoryLeakTrackingHelper.swift */,
				6837FCE329EAC279003B8EDD /* SharedTestHelpers.swift */,
			);
			path = Helpers;
			sourceTree = "<group>";
		};
		6869AAA329E11BB600377479 /* EssentialFeedAPIEndToEndTests */ = {
			isa = PBXGroup;
			children = (
				6869AAA429E11BB600377479 /* EssentialFeedAPIEndToEndTests.swift */,
			);
			path = EssentialFeedAPIEndToEndTests;
			sourceTree = "<group>";
		};
/* End PBXGroup section */

/* Begin PBXHeadersBuildPhase section */
		6869AA6929D8789600377479 /* Headers */ = {
			isa = PBXHeadersBuildPhase;
			buildActionMask = 2147483647;
			files = (
			);
			runOnlyForDeploymentPostprocessing = 0;
		};
/* End PBXHeadersBuildPhase section */

/* Begin PBXNativeTarget section */
		6837FCEF29ED68DC003B8EDD /* EssentialFeedCacheIntegrationTests */ = {
			isa = PBXNativeTarget;
			buildConfigurationList = 6837FCF729ED68DC003B8EDD /* Build configuration list for PBXNativeTarget "EssentialFeedCacheIntegrationTests" */;
			buildPhases = (
				6837FCEC29ED68DC003B8EDD /* Sources */,
				6837FCED29ED68DC003B8EDD /* Frameworks */,
				6837FCEE29ED68DC003B8EDD /* Resources */,
			);
			buildRules = (
			);
			dependencies = (
				6837FCF629ED68DC003B8EDD /* PBXTargetDependency */,
			);
			name = EssentialFeedCacheIntegrationTests;
			productName = EssentialFeedCacheIntegrationTests;
			productReference = 6837FCF029ED68DC003B8EDD /* EssentialFeedCacheIntegrationTests.xctest */;
			productType = "com.apple.product-type.bundle.unit-test";
		};
		6869AA6D29D8789600377479 /* EssentialFeed */ = {
			isa = PBXNativeTarget;
			buildConfigurationList = 6869AA8029D8789600377479 /* Build configuration list for PBXNativeTarget "EssentialFeed" */;
			buildPhases = (
				6869AA6929D8789600377479 /* Headers */,
				6869AA6A29D8789600377479 /* Sources */,
				6869AA6B29D8789600377479 /* Frameworks */,
				6869AA6C29D8789600377479 /* Resources */,
			);
			buildRules = (
			);
			dependencies = (
			);
			name = EssentialFeed;
			productName = EssentialFeed;
			productReference = 6869AA6E29D8789600377479 /* EssentialFeed.framework */;
			productType = "com.apple.product-type.framework";
		};
		6869AA7529D8789600377479 /* EssentialFeedTests */ = {
			isa = PBXNativeTarget;
			buildConfigurationList = 6869AA8329D8789600377479 /* Build configuration list for PBXNativeTarget "EssentialFeedTests" */;
			buildPhases = (
				6869AA7229D8789600377479 /* Sources */,
				6869AA7329D8789600377479 /* Frameworks */,
				6869AA7429D8789600377479 /* Resources */,
			);
			buildRules = (
			);
			dependencies = (
				6869AA7929D8789600377479 /* PBXTargetDependency */,
			);
			name = EssentialFeedTests;
			productName = EssentialFeedTests;
			productReference = 6869AA7629D8789600377479 /* EssentialFeedTests.xctest */;
			productType = "com.apple.product-type.bundle.unit-test";
		};
		6869AAA129E11BB600377479 /* EssentialFeedAPIEndToEndTests */ = {
			isa = PBXNativeTarget;
			buildConfigurationList = 6869AAA929E11BB600377479 /* Build configuration list for PBXNativeTarget "EssentialFeedAPIEndToEndTests" */;
			buildPhases = (
				6869AA9E29E11BB600377479 /* Sources */,
				6869AA9F29E11BB600377479 /* Frameworks */,
				6869AAA029E11BB600377479 /* Resources */,
			);
			buildRules = (
			);
			dependencies = (
				6869AAA829E11BB600377479 /* PBXTargetDependency */,
			);
			name = EssentialFeedAPIEndToEndTests;
			productName = EssentialFeedAPIEndToEndTests;
			productReference = 6869AAA229E11BB600377479 /* EssentialFeedAPIEndToEndTests.xctest */;
			productType = "com.apple.product-type.bundle.unit-test";
		};
/* End PBXNativeTarget section */

/* Begin PBXProject section */
		6869AA6529D8789600377479 /* Project object */ = {
			isa = PBXProject;
			attributes = {
				BuildIndependentTargetsInParallel = 1;
				LastSwiftUpdateCheck = 1410;
				LastUpgradeCheck = 1400;
				TargetAttributes = {
					6837FCEF29ED68DC003B8EDD = {
						CreatedOnToolsVersion = 14.1;
					};
					6869AA6D29D8789600377479 = {
						CreatedOnToolsVersion = 14.0.1;
						LastSwiftMigration = 1400;
					};
					6869AA7529D8789600377479 = {
						CreatedOnToolsVersion = 14.0.1;
					};
					6869AAA129E11BB600377479 = {
						CreatedOnToolsVersion = 14.0.1;
					};
				};
			};
			buildConfigurationList = 6869AA6829D8789600377479 /* Build configuration list for PBXProject "EssentialFeed" */;
			compatibilityVersion = "Xcode 14.0";
			developmentRegion = en;
			hasScannedForEncodings = 0;
			knownRegions = (
				en,
				Base,
			);
			mainGroup = 6869AA6429D8789600377479;
			productRefGroup = 6869AA6F29D8789600377479 /* Products */;
			projectDirPath = "";
			projectRoot = "";
			targets = (
				6869AA6D29D8789600377479 /* EssentialFeed */,
				6869AA7529D8789600377479 /* EssentialFeedTests */,
				6869AAA129E11BB600377479 /* EssentialFeedAPIEndToEndTests */,
				6837FCEF29ED68DC003B8EDD /* EssentialFeedCacheIntegrationTests */,
			);
		};
/* End PBXProject section */

/* Begin PBXResourcesBuildPhase section */
		6837FCEE29ED68DC003B8EDD /* Resources */ = {
			isa = PBXResourcesBuildPhase;
			buildActionMask = 2147483647;
			files = (
			);
			runOnlyForDeploymentPostprocessing = 0;
		};
		6869AA6C29D8789600377479 /* Resources */ = {
			isa = PBXResourcesBuildPhase;
			buildActionMask = 2147483647;
			files = (
			);
			runOnlyForDeploymentPostprocessing = 0;
		};
		6869AA7429D8789600377479 /* Resources */ = {
			isa = PBXResourcesBuildPhase;
			buildActionMask = 2147483647;
			files = (
			);
			runOnlyForDeploymentPostprocessing = 0;
		};
		6869AAA029E11BB600377479 /* Resources */ = {
			isa = PBXResourcesBuildPhase;
			buildActionMask = 2147483647;
			files = (
			);
			runOnlyForDeploymentPostprocessing = 0;
		};
/* End PBXResourcesBuildPhase section */

/* Begin PBXSourcesBuildPhase section */
		6837FCEC29ED68DC003B8EDD /* Sources */ = {
			isa = PBXSourcesBuildPhase;
			buildActionMask = 2147483647;
			files = (
				6837FCF329ED68DC003B8EDD /* EssentialFeedCacheIntegrationTests.swift in Sources */,
			);
			runOnlyForDeploymentPostprocessing = 0;
		};
		6869AA6A29D8789600377479 /* Sources */ = {
			isa = PBXSourcesBuildPhase;
			buildActionMask = 2147483647;
			files = (
				6869AA9329DABD8B00377479 /* FeedItemsMapper.swift in Sources */,
				6869AA8929D879AB00377479 /* FeedLoader.swift in Sources */,
				6837FCD729E9677D003B8EDD /* RemoteFeedItem.swift in Sources */,
				6837FCE729EAE043003B8EDD /* FeedCachePolicy.swift in Sources */,
				6869AA8F29D94DD300377479 /* RemoteFeedLoader.swift in Sources */,
				6837FCD929E967D4003B8EDD /* LocalFeedImage.swift in Sources */,
				6837FCD529E950EA003B8EDD /* FeedStore.swift in Sources */,
				6837FCD329E9502B003B8EDD /* LocalFeedLoader.swift in Sources */,
				6837FCEB29EC16D9003B8EDD /* CodableFeedStore.swift in Sources */,
				6869AA9129DABD3F00377479 /* HTTPClient.swift in Sources */,
				6869AA8729D878F600377479 /* FeedItem.swift in Sources */,
				6869AA9D29E1148500377479 /* URLSessionHTTPClient.swift in Sources */,
			);
			runOnlyForDeploymentPostprocessing = 0;
		};
		6869AA7229D8789600377479 /* Sources */ = {
			isa = PBXSourcesBuildPhase;
			buildActionMask = 2147483647;
			files = (
				6837FCE929EB13C1003B8EDD /* CodableFeedStoreTests.swift in Sources */,
				6837FCFB29ED6F05003B8EDD /* CoreDataFeedStoreTests.swift in Sources */,
				6837FCE229EAC172003B8EDD /* FeedCacheTestHelpers.swift in Sources */,
				6837FCE029EABD33003B8EDD /* ValidateFeedCacheUseCaseTests.swift in Sources */,
				6869AA8C29D9324E00377479 /* LoadFeedFromRemoteUseCaseTests.swift in Sources */,
				6869AA9B29DFFF5900377479 /* XCTestCase+MemoryLeakTrackingHelper.swift in Sources */,
				6837FCDE29E9E313003B8EDD /* FeedStoreSpy.swift in Sources */,
				6837FCE429EAC279003B8EDD /* SharedTestHelpers.swift in Sources */,
				6837FCD129E7D50D003B8EDD /* CacheFeedUseCaseTests.swift in Sources */,
				6837FCDB29E9E169003B8EDD /* LoadFeedFromCacheUseCaseTests.swift in Sources */,
				6837FCFE29ED7A21003B8EDD /* FeedStoreSpecs.swift in Sources */,
				6869AA9629DC3B1700377479 /* URLSessionHTTPClientTests.swift in Sources */,
			);
			runOnlyForDeploymentPostprocessing = 0;
		};
		6869AA9E29E11BB600377479 /* Sources */ = {
			isa = PBXSourcesBuildPhase;
			buildActionMask = 2147483647;
			files = (
				6869AAA529E11BB600377479 /* EssentialFeedAPIEndToEndTests.swift in Sources */,
				6869AAAC29E1211700377479 /* XCTestCase+MemoryLeakTrackingHelper.swift in Sources */,
			);
			runOnlyForDeploymentPostprocessing = 0;
		};
/* End PBXSourcesBuildPhase section */

/* Begin PBXTargetDependency section */
		6837FCF629ED68DC003B8EDD /* PBXTargetDependency */ = {
			isa = PBXTargetDependency;
			target = 6869AA6D29D8789600377479 /* EssentialFeed */;
			targetProxy = 6837FCF529ED68DC003B8EDD /* PBXContainerItemProxy */;
		};
		6869AA7929D8789600377479 /* PBXTargetDependency */ = {
			isa = PBXTargetDependency;
			target = 6869AA6D29D8789600377479 /* EssentialFeed */;
			targetProxy = 6869AA7829D8789600377479 /* PBXContainerItemProxy */;
		};
		6869AAA829E11BB600377479 /* PBXTargetDependency */ = {
			isa = PBXTargetDependency;
			target = 6869AA6D29D8789600377479 /* EssentialFeed */;
			targetProxy = 6869AAA729E11BB600377479 /* PBXContainerItemProxy */;
		};
/* End PBXTargetDependency section */

/* Begin XCBuildConfiguration section */
		6837FCF829ED68DC003B8EDD /* Debug */ = {
			isa = XCBuildConfiguration;
			buildSettings = {
				CODE_SIGN_STYLE = Automatic;
				CURRENT_PROJECT_VERSION = 1;
				DEVELOPMENT_TEAM = HNL8ZJJ645;
				GENERATE_INFOPLIST_FILE = YES;
				MACOSX_DEPLOYMENT_TARGET = 12.6;
				MARKETING_VERSION = 1.0;
				PRODUCT_BUNDLE_IDENTIFIER = com.tilcode.EssentialFeedCacheIntegrationTests;
				PRODUCT_NAME = "$(TARGET_NAME)";
				SWIFT_EMIT_LOC_STRINGS = NO;
				SWIFT_VERSION = 5.0;
			};
			name = Debug;
		};
		6837FCF929ED68DC003B8EDD /* Release */ = {
			isa = XCBuildConfiguration;
			buildSettings = {
				CODE_SIGN_STYLE = Automatic;
				CURRENT_PROJECT_VERSION = 1;
				DEVELOPMENT_TEAM = HNL8ZJJ645;
				GENERATE_INFOPLIST_FILE = YES;
				MACOSX_DEPLOYMENT_TARGET = 12.6;
				MARKETING_VERSION = 1.0;
				PRODUCT_BUNDLE_IDENTIFIER = com.tilcode.EssentialFeedCacheIntegrationTests;
				PRODUCT_NAME = "$(TARGET_NAME)";
				SWIFT_EMIT_LOC_STRINGS = NO;
				SWIFT_VERSION = 5.0;
			};
			name = Release;
		};
		6869AA7E29D8789600377479 /* Debug */ = {
			isa = XCBuildConfiguration;
			buildSettings = {
				ALWAYS_SEARCH_USER_PATHS = NO;
				CLANG_ANALYZER_NONNULL = YES;
				CLANG_ANALYZER_NUMBER_OBJECT_CONVERSION = YES_AGGRESSIVE;
				CLANG_CXX_LANGUAGE_STANDARD = "gnu++20";
				CLANG_ENABLE_MODULES = YES;
				CLANG_ENABLE_OBJC_ARC = YES;
				CLANG_ENABLE_OBJC_WEAK = YES;
				CLANG_WARN_BLOCK_CAPTURE_AUTORELEASING = YES;
				CLANG_WARN_BOOL_CONVERSION = YES;
				CLANG_WARN_COMMA = YES;
				CLANG_WARN_CONSTANT_CONVERSION = YES;
				CLANG_WARN_DEPRECATED_OBJC_IMPLEMENTATIONS = YES;
				CLANG_WARN_DIRECT_OBJC_ISA_USAGE = YES_ERROR;
				CLANG_WARN_DOCUMENTATION_COMMENTS = YES;
				CLANG_WARN_EMPTY_BODY = YES;
				CLANG_WARN_ENUM_CONVERSION = YES;
				CLANG_WARN_INFINITE_RECURSION = YES;
				CLANG_WARN_INT_CONVERSION = YES;
				CLANG_WARN_NON_LITERAL_NULL_CONVERSION = YES;
				CLANG_WARN_OBJC_IMPLICIT_RETAIN_SELF = YES;
				CLANG_WARN_OBJC_LITERAL_CONVERSION = YES;
				CLANG_WARN_OBJC_ROOT_CLASS = YES_ERROR;
				CLANG_WARN_QUOTED_INCLUDE_IN_FRAMEWORK_HEADER = YES;
				CLANG_WARN_RANGE_LOOP_ANALYSIS = YES;
				CLANG_WARN_STRICT_PROTOTYPES = YES;
				CLANG_WARN_SUSPICIOUS_MOVE = YES;
				CLANG_WARN_UNGUARDED_AVAILABILITY = YES_AGGRESSIVE;
				CLANG_WARN_UNREACHABLE_CODE = YES;
				CLANG_WARN__DUPLICATE_METHOD_MATCH = YES;
				COPY_PHASE_STRIP = NO;
				CURRENT_PROJECT_VERSION = 1;
				DEBUG_INFORMATION_FORMAT = dwarf;
				ENABLE_STRICT_OBJC_MSGSEND = YES;
				ENABLE_TESTABILITY = YES;
				GCC_C_LANGUAGE_STANDARD = gnu11;
				GCC_DYNAMIC_NO_PIC = NO;
				GCC_NO_COMMON_BLOCKS = YES;
				GCC_OPTIMIZATION_LEVEL = 0;
				GCC_PREPROCESSOR_DEFINITIONS = (
					"DEBUG=1",
					"$(inherited)",
				);
				GCC_WARN_64_TO_32_BIT_CONVERSION = YES;
				GCC_WARN_ABOUT_RETURN_TYPE = YES_ERROR;
				GCC_WARN_UNDECLARED_SELECTOR = YES;
				GCC_WARN_UNINITIALIZED_AUTOS = YES_AGGRESSIVE;
				GCC_WARN_UNUSED_FUNCTION = YES;
				GCC_WARN_UNUSED_VARIABLE = YES;
				MACOSX_DEPLOYMENT_TARGET = 12.3;
				MTL_ENABLE_DEBUG_INFO = INCLUDE_SOURCE;
				MTL_FAST_MATH = YES;
				ONLY_ACTIVE_ARCH = YES;
				SDKROOT = macosx;
				SWIFT_ACTIVE_COMPILATION_CONDITIONS = DEBUG;
				SWIFT_OPTIMIZATION_LEVEL = "-Onone";
				VERSIONING_SYSTEM = "apple-generic";
				VERSION_INFO_PREFIX = "";
			};
			name = Debug;
		};
		6869AA7F29D8789600377479 /* Release */ = {
			isa = XCBuildConfiguration;
			buildSettings = {
				ALWAYS_SEARCH_USER_PATHS = NO;
				CLANG_ANALYZER_NONNULL = YES;
				CLANG_ANALYZER_NUMBER_OBJECT_CONVERSION = YES_AGGRESSIVE;
				CLANG_CXX_LANGUAGE_STANDARD = "gnu++20";
				CLANG_ENABLE_MODULES = YES;
				CLANG_ENABLE_OBJC_ARC = YES;
				CLANG_ENABLE_OBJC_WEAK = YES;
				CLANG_WARN_BLOCK_CAPTURE_AUTORELEASING = YES;
				CLANG_WARN_BOOL_CONVERSION = YES;
				CLANG_WARN_COMMA = YES;
				CLANG_WARN_CONSTANT_CONVERSION = YES;
				CLANG_WARN_DEPRECATED_OBJC_IMPLEMENTATIONS = YES;
				CLANG_WARN_DIRECT_OBJC_ISA_USAGE = YES_ERROR;
				CLANG_WARN_DOCUMENTATION_COMMENTS = YES;
				CLANG_WARN_EMPTY_BODY = YES;
				CLANG_WARN_ENUM_CONVERSION = YES;
				CLANG_WARN_INFINITE_RECURSION = YES;
				CLANG_WARN_INT_CONVERSION = YES;
				CLANG_WARN_NON_LITERAL_NULL_CONVERSION = YES;
				CLANG_WARN_OBJC_IMPLICIT_RETAIN_SELF = YES;
				CLANG_WARN_OBJC_LITERAL_CONVERSION = YES;
				CLANG_WARN_OBJC_ROOT_CLASS = YES_ERROR;
				CLANG_WARN_QUOTED_INCLUDE_IN_FRAMEWORK_HEADER = YES;
				CLANG_WARN_RANGE_LOOP_ANALYSIS = YES;
				CLANG_WARN_STRICT_PROTOTYPES = YES;
				CLANG_WARN_SUSPICIOUS_MOVE = YES;
				CLANG_WARN_UNGUARDED_AVAILABILITY = YES_AGGRESSIVE;
				CLANG_WARN_UNREACHABLE_CODE = YES;
				CLANG_WARN__DUPLICATE_METHOD_MATCH = YES;
				COPY_PHASE_STRIP = NO;
				CURRENT_PROJECT_VERSION = 1;
				DEBUG_INFORMATION_FORMAT = "dwarf-with-dsym";
				ENABLE_NS_ASSERTIONS = NO;
				ENABLE_STRICT_OBJC_MSGSEND = YES;
				GCC_C_LANGUAGE_STANDARD = gnu11;
				GCC_NO_COMMON_BLOCKS = YES;
				GCC_WARN_64_TO_32_BIT_CONVERSION = YES;
				GCC_WARN_ABOUT_RETURN_TYPE = YES_ERROR;
				GCC_WARN_UNDECLARED_SELECTOR = YES;
				GCC_WARN_UNINITIALIZED_AUTOS = YES_AGGRESSIVE;
				GCC_WARN_UNUSED_FUNCTION = YES;
				GCC_WARN_UNUSED_VARIABLE = YES;
				MACOSX_DEPLOYMENT_TARGET = 12.3;
				MTL_ENABLE_DEBUG_INFO = NO;
				MTL_FAST_MATH = YES;
				SDKROOT = macosx;
				SWIFT_COMPILATION_MODE = wholemodule;
				SWIFT_OPTIMIZATION_LEVEL = "-O";
				VERSIONING_SYSTEM = "apple-generic";
				VERSION_INFO_PREFIX = "";
			};
			name = Release;
		};
		6869AA8129D8789600377479 /* Debug */ = {
			isa = XCBuildConfiguration;
			buildSettings = {
				CLANG_ENABLE_MODULES = YES;
				CODE_SIGN_STYLE = Automatic;
				COMBINE_HIDPI_IMAGES = YES;
				CURRENT_PROJECT_VERSION = 1;
				DEFINES_MODULE = YES;
				DEVELOPMENT_TEAM = HNL8ZJJ645;
				DYLIB_COMPATIBILITY_VERSION = 1;
				DYLIB_CURRENT_VERSION = 1;
				DYLIB_INSTALL_NAME_BASE = "@rpath";
				GENERATE_INFOPLIST_FILE = YES;
				INFOPLIST_KEY_NSHumanReadableCopyright = "";
				INSTALL_PATH = "$(LOCAL_LIBRARY_DIR)/Frameworks";
				LD_RUNPATH_SEARCH_PATHS = (
					"$(inherited)",
					"@executable_path/../Frameworks",
					"@loader_path/Frameworks",
				);
				MARKETING_VERSION = 1.0;
				PRODUCT_BUNDLE_IDENTIFIER = com.tilcode.EssentialFeed;
				PRODUCT_NAME = "$(TARGET_NAME:c99extidentifier)";
				SKIP_INSTALL = YES;
				SWIFT_EMIT_LOC_STRINGS = YES;
				SWIFT_OPTIMIZATION_LEVEL = "-Onone";
				SWIFT_VERSION = 5.0;
			};
			name = Debug;
		};
		6869AA8229D8789600377479 /* Release */ = {
			isa = XCBuildConfiguration;
			buildSettings = {
				CLANG_ENABLE_MODULES = YES;
				CODE_SIGN_STYLE = Automatic;
				COMBINE_HIDPI_IMAGES = YES;
				CURRENT_PROJECT_VERSION = 1;
				DEFINES_MODULE = YES;
				DEVELOPMENT_TEAM = HNL8ZJJ645;
				DYLIB_COMPATIBILITY_VERSION = 1;
				DYLIB_CURRENT_VERSION = 1;
				DYLIB_INSTALL_NAME_BASE = "@rpath";
				GENERATE_INFOPLIST_FILE = YES;
				INFOPLIST_KEY_NSHumanReadableCopyright = "";
				INSTALL_PATH = "$(LOCAL_LIBRARY_DIR)/Frameworks";
				LD_RUNPATH_SEARCH_PATHS = (
					"$(inherited)",
					"@executable_path/../Frameworks",
					"@loader_path/Frameworks",
				);
				MARKETING_VERSION = 1.0;
				PRODUCT_BUNDLE_IDENTIFIER = com.tilcode.EssentialFeed;
				PRODUCT_NAME = "$(TARGET_NAME:c99extidentifier)";
				SKIP_INSTALL = YES;
				SWIFT_EMIT_LOC_STRINGS = YES;
				SWIFT_VERSION = 5.0;
			};
			name = Release;
		};
		6869AA8429D8789600377479 /* Debug */ = {
			isa = XCBuildConfiguration;
			buildSettings = {
				ALWAYS_EMBED_SWIFT_STANDARD_LIBRARIES = YES;
				CODE_SIGN_STYLE = Automatic;
				CURRENT_PROJECT_VERSION = 1;
				DEVELOPMENT_TEAM = HNL8ZJJ645;
				GENERATE_INFOPLIST_FILE = YES;
				MARKETING_VERSION = 1.0;
				PRODUCT_BUNDLE_IDENTIFIER = com.tilcode.EssentialFeedTests;
				PRODUCT_NAME = "$(TARGET_NAME)";
				SWIFT_EMIT_LOC_STRINGS = NO;
				SWIFT_VERSION = 5.0;
			};
			name = Debug;
		};
		6869AA8529D8789600377479 /* Release */ = {
			isa = XCBuildConfiguration;
			buildSettings = {
				ALWAYS_EMBED_SWIFT_STANDARD_LIBRARIES = YES;
				CODE_SIGN_STYLE = Automatic;
				CURRENT_PROJECT_VERSION = 1;
				DEVELOPMENT_TEAM = HNL8ZJJ645;
				GENERATE_INFOPLIST_FILE = YES;
				MARKETING_VERSION = 1.0;
				PRODUCT_BUNDLE_IDENTIFIER = com.tilcode.EssentialFeedTests;
				PRODUCT_NAME = "$(TARGET_NAME)";
				SWIFT_EMIT_LOC_STRINGS = NO;
				SWIFT_VERSION = 5.0;
			};
			name = Release;
		};
		6869AAAA29E11BB600377479 /* Debug */ = {
			isa = XCBuildConfiguration;
			buildSettings = {
				CODE_SIGN_STYLE = Automatic;
				CURRENT_PROJECT_VERSION = 1;
				DEVELOPMENT_TEAM = HNL8ZJJ645;
				GENERATE_INFOPLIST_FILE = YES;
				MARKETING_VERSION = 1.0;
				PRODUCT_BUNDLE_IDENTIFIER = com.tilcode.EssentialFeedAPIEndToEndTests;
				PRODUCT_NAME = "$(TARGET_NAME)";
				SWIFT_EMIT_LOC_STRINGS = NO;
				SWIFT_VERSION = 5.0;
			};
			name = Debug;
		};
		6869AAAB29E11BB600377479 /* Release */ = {
			isa = XCBuildConfiguration;
			buildSettings = {
				CODE_SIGN_STYLE = Automatic;
				CURRENT_PROJECT_VERSION = 1;
				DEVELOPMENT_TEAM = HNL8ZJJ645;
				GENERATE_INFOPLIST_FILE = YES;
				MARKETING_VERSION = 1.0;
				PRODUCT_BUNDLE_IDENTIFIER = com.tilcode.EssentialFeedAPIEndToEndTests;
				PRODUCT_NAME = "$(TARGET_NAME)";
				SWIFT_EMIT_LOC_STRINGS = NO;
				SWIFT_VERSION = 5.0;
			};
			name = Release;
		};
/* End XCBuildConfiguration section */

/* Begin XCConfigurationList section */
		6837FCF729ED68DC003B8EDD /* Build configuration list for PBXNativeTarget "EssentialFeedCacheIntegrationTests" */ = {
			isa = XCConfigurationList;
			buildConfigurations = (
				6837FCF829ED68DC003B8EDD /* Debug */,
				6837FCF929ED68DC003B8EDD /* Release */,
			);
			defaultConfigurationIsVisible = 0;
			defaultConfigurationName = Release;
		};
		6869AA6829D8789600377479 /* Build configuration list for PBXProject "EssentialFeed" */ = {
			isa = XCConfigurationList;
			buildConfigurations = (
				6869AA7E29D8789600377479 /* Debug */,
				6869AA7F29D8789600377479 /* Release */,
			);
			defaultConfigurationIsVisible = 0;
			defaultConfigurationName = Release;
		};
		6869AA8029D8789600377479 /* Build configuration list for PBXNativeTarget "EssentialFeed" */ = {
			isa = XCConfigurationList;
			buildConfigurations = (
				6869AA8129D8789600377479 /* Debug */,
				6869AA8229D8789600377479 /* Release */,
			);
			defaultConfigurationIsVisible = 0;
			defaultConfigurationName = Release;
		};
		6869AA8329D8789600377479 /* Build configuration list for PBXNativeTarget "EssentialFeedTests" */ = {
			isa = XCConfigurationList;
			buildConfigurations = (
				6869AA8429D8789600377479 /* Debug */,
				6869AA8529D8789600377479 /* Release */,
			);
			defaultConfigurationIsVisible = 0;
			defaultConfigurationName = Release;
		};
		6869AAA929E11BB600377479 /* Build configuration list for PBXNativeTarget "EssentialFeedAPIEndToEndTests" */ = {
			isa = XCConfigurationList;
			buildConfigurations = (
				6869AAAA29E11BB600377479 /* Debug */,
				6869AAAB29E11BB600377479 /* Release */,
			);
			defaultConfigurationIsVisible = 0;
			defaultConfigurationName = Release;
		};
/* End XCConfigurationList section */
	};
	rootObject = 6869AA6529D8789600377479 /* Project object */;
}
